
Microsoft Visual Studio Solution File, Format Version 12.00
# Visual Studio 15
Project("{FAE04EC0-301F-11D3-BF4B-00C04F79EFBC}") = "Assembly-CSharp-Editor", "Assembly-CSharp-Editor.csproj", "{51D43535-5529-AC29-4AC2-3D71D44FDC47}"
EndProject
Project("{FAE04EC0-301F-11D3-BF4B-00C04F79EFBC}") = "Assembly-CSharp", "Assembly-CSharp.csproj", "{EFC1B418-E62E-CAFE-F606-5E523594A556}"
EndProject
Global
	GlobalSection(SolutionConfigurationPlatforms) = preSolution
		Debug|Any CPU = Debug|Any CPU
		Release|Any CPU = Release|Any CPU
	EndGlobalSection
	GlobalSection(ProjectConfigurationPlatforms) = postSolution
		{51D43535-5529-AC29-4AC2-3D71D44FDC47}.Debug|Any CPU.ActiveCfg = Debug|Any CPU
		{51D43535-5529-AC29-4AC2-3D71D44FDC47}.Debug|Any CPU.Build.0 = Debug|Any CPU
		{51D43535-5529-AC29-4AC2-3D71D44FDC47}.Release|Any CPU.ActiveCfg = Release|Any CPU
		{51D43535-5529-AC29-4AC2-3D71D44FDC47}.Release|Any CPU.Build.0 = Release|Any CPU
		{EFC1B418-E62E-CAFE-F606-5E523594A556}.Debug|Any CPU.ActiveCfg = Debug|Any CPU
		{EFC1B418-E62E-CAFE-F606-5E523594A556}.Debug|Any CPU.Build.0 = Debug|Any CPU
		{EFC1B418-E62E-CAFE-F606-5E523594A556}.Release|Any CPU.ActiveCfg = Release|Any CPU
		{EFC1B418-E62E-CAFE-F606-5E523594A556}.Release|Any CPU.Build.0 = Release|Any CPU
	EndGlobalSection
	GlobalSection(SolutionProperties) = preSolution
		HideSolutionNode = FALSE
	EndGlobalSection
EndGlobal
